
Microsoft Visual Studio Solution File, Format Version 12.00
# Visual Studio 15
VisualStudioVersion = 15.0.28307.168
MinimumVisualStudioVersion = 10.0.40219.1
Project("{FAE04EC0-301F-11D3-BF4B-00C04F79EFBC}") = "Ko.NBlink.DemoApp", "Ko.NBlink.Console\Ko.NBlink.DemoApp.csproj", "{90B973B8-F023-4191-ABA1-4DE06EDF90F2}"
EndProject
Project("{FAE04EC0-301F-11D3-BF4B-00C04F79EFBC}") = "Ko.NBlink", "Ko.NBlink\Ko.NBlink.csproj", "{6AB95149-8B3A-4F21-BDAE-159677035274}"
EndProject
Global
	GlobalSection(SolutionConfigurationPlatforms) = preSolution
		Debug|Any CPU = Debug|Any CPU
		Release|Any CPU = Release|Any CPU
	EndGlobalSection
	GlobalSection(ProjectConfigurationPlatforms) = postSolution
		{90B973B8-F023-4191-ABA1-4DE06EDF90F2}.Debug|Any CPU.ActiveCfg = Debug|Any CPU
		{90B973B8-F023-4191-ABA1-4DE06EDF90F2}.Debug|Any CPU.Build.0 = Debug|Any CPU
		{90B973B8-F023-4191-ABA1-4DE06EDF90F2}.Release|Any CPU.ActiveCfg = Release|Any CPU
		{90B973B8-F023-4191-ABA1-4DE06EDF90F2}.Release|Any CPU.Build.0 = Release|Any CPU
		{6AB95149-8B3A-4F21-BDAE-159677035274}.Debug|Any CPU.ActiveCfg = Debug|Any CPU
		{6AB95149-8B3A-4F21-BDAE-159677035274}.Debug|Any CPU.Build.0 = Debug|Any CPU
		{6AB95149-8B3A-4F21-BDAE-159677035274}.Release|Any CPU.ActiveCfg = Release|Any CPU
		{6AB95149-8B3A-4F21-BDAE-159677035274}.Release|Any CPU.Build.0 = Release|Any CPU
	EndGlobalSection
	GlobalSection(SolutionProperties) = preSolution
		HideSolutionNode = FALSE
	EndGlobalSection
	GlobalSection(ExtensibilityGlobals) = postSolution
		SolutionGuid = {54C35FE7-8096-4C05-8DF9-2747338434C3}
	EndGlobalSection
EndGlobal
